
Microsoft Visual Studio Solution File, Format Version 12.00
# Visual Studio 14
VisualStudioVersion = 14.0.25420.1
MinimumVisualStudioVersion = 10.0.40219.1
Project("{2150E333-8FDC-42A3-9474-1A3956D46DE8}") = "src", "src", "{BAA45795-399B-4A8D-8647-D062603562C6}"
EndProject
Project("{2150E333-8FDC-42A3-9474-1A3956D46DE8}") = "Solution Items", "Solution Items", "{3255A589-24FC-49BE-9290-494D801236D7}"
	ProjectSection(SolutionItems) = preProject
		global.json = global.json
		README.md = README.md
		assets\stacks.ruleset = assets\stacks.ruleset
		assets\stylecop.json = assets\stylecop.json
	EndProjectSection
EndProject
Project("{8BB2217D-0F2D-49D1-97BC-3654ED321F3B}") = "Slalom.Stacks.Data.EntityFramework", "src\Slalom.Stacks.Data.EntityFramework\Slalom.Stacks.Data.EntityFramework.xproj", "{C8127D66-A3FD-4F94-8DFE-394542A121E0}"
EndProject
Project("{2150E333-8FDC-42A3-9474-1A3956D46DE8}") = "test", "test", "{8182A8DE-D5E8-457B-83F1-655DD0A3C642}"
EndProject
Project("{8BB2217D-0F2D-49D1-97BC-3654ED321F3B}") = "ConsoleClient", "test\ConsoleClient\ConsoleClient.xproj", "{EDD8D9C6-ACA6-4B8C-BAD5-5F63E471984E}"
EndProject
Global
	GlobalSection(SolutionConfigurationPlatforms) = preSolution
		Debug|Any CPU = Debug|Any CPU
		Release|Any CPU = Release|Any CPU
	EndGlobalSection
	GlobalSection(ProjectConfigurationPlatforms) = postSolution
		{C8127D66-A3FD-4F94-8DFE-394542A121E0}.Debug|Any CPU.ActiveCfg = Debug|Any CPU
		{C8127D66-A3FD-4F94-8DFE-394542A121E0}.Debug|Any CPU.Build.0 = Debug|Any CPU
		{C8127D66-A3FD-4F94-8DFE-394542A121E0}.Release|Any CPU.ActiveCfg = Release|Any CPU
		{C8127D66-A3FD-4F94-8DFE-394542A121E0}.Release|Any CPU.Build.0 = Release|Any CPU
		{EDD8D9C6-ACA6-4B8C-BAD5-5F63E471984E}.Debug|Any CPU.ActiveCfg = Debug|Any CPU
		{EDD8D9C6-ACA6-4B8C-BAD5-5F63E471984E}.Debug|Any CPU.Build.0 = Debug|Any CPU
		{EDD8D9C6-ACA6-4B8C-BAD5-5F63E471984E}.Release|Any CPU.ActiveCfg = Release|Any CPU
		{EDD8D9C6-ACA6-4B8C-BAD5-5F63E471984E}.Release|Any CPU.Build.0 = Release|Any CPU
	EndGlobalSection
	GlobalSection(SolutionProperties) = preSolution
		HideSolutionNode = FALSE
	EndGlobalSection
	GlobalSection(NestedProjects) = preSolution
		{C8127D66-A3FD-4F94-8DFE-394542A121E0} = {BAA45795-399B-4A8D-8647-D062603562C6}
		{EDD8D9C6-ACA6-4B8C-BAD5-5F63E471984E} = {8182A8DE-D5E8-457B-83F1-655DD0A3C642}
	EndGlobalSection
EndGlobal
